
Microsoft Visual Studio Solution File, Format Version 12.00
# Visual Studio Version 17
VisualStudioVersion = 17.14.36623.8
MinimumVisualStudioVersion = 10.0.40219.1
Project("{FAE04EC0-301F-11D3-BF4B-00C04F79EFBC}") = "CAD-Final", "CAD-Final\CAD-Final.csproj", "{1B2DAD41-BCF0-4FED-9A4C-13558CA36D97}"
EndProject
Project("{FAE04EC0-301F-11D3-BF4B-00C04F79EFBC}") = "FormulaTesting", "FormulaTesting\FormulaTesting.csproj", "{C8B56342-EAB8-49BD-80FF-55600AD7CFB6}"
EndProject
Global
	GlobalSection(SolutionConfigurationPlatforms) = preSolution
		Debug|Any CPU = Debug|Any CPU
		Release|Any CPU = Release|Any CPU
	EndGlobalSection
	GlobalSection(ProjectConfigurationPlatforms) = postSolution
		{1B2DAD41-BCF0-4FED-9A4C-13558CA36D97}.Debug|Any CPU.ActiveCfg = Debug|Any CPU
		{1B2DAD41-BCF0-4FED-9A4C-13558CA36D97}.Debug|Any CPU.Build.0 = Debug|Any CPU
		{1B2DAD41-BCF0-4FED-9A4C-13558CA36D97}.Release|Any CPU.ActiveCfg = Release|Any CPU
		{1B2DAD41-BCF0-4FED-9A4C-13558CA36D97}.Release|Any CPU.Build.0 = Release|Any CPU
		{C8B56342-EAB8-49BD-80FF-55600AD7CFB6}.Debug|Any CPU.ActiveCfg = Debug|Any CPU
		{C8B56342-EAB8-49BD-80FF-55600AD7CFB6}.Debug|Any CPU.Build.0 = Debug|Any CPU
		{C8B56342-EAB8-49BD-80FF-55600AD7CFB6}.Release|Any CPU.ActiveCfg = Release|Any CPU
		{C8B56342-EAB8-49BD-80FF-55600AD7CFB6}.Release|Any CPU.Build.0 = Release|Any CPU
	EndGlobalSection
	GlobalSection(SolutionProperties) = preSolution
		HideSolutionNode = FALSE
	EndGlobalSection
	GlobalSection(ExtensibilityGlobals) = postSolution
		SolutionGuid = {E905ECB4-8411-40CC-8402-5D32D3C4A390}
	EndGlobalSection
EndGlobal
